# THIS IS AN AUTOGENERATED FILE. DO NOT EDIT THIS FILE DIRECTLY.
# yarn lockfile v1


abstract-leveldown@^6.2.1, abstract-leveldown@~6.2.1:
  version "6.2.1"
  resolved "https://registry.yarnpkg.com/abstract-leveldown/-/abstract-leveldown-6.2.1.tgz#37b655151e13c3d9b20fa3a04ce63ccaa345fce4"
  integrity sha512-zUgomHedGBCThDkUtc1bfilu2jEhRZ7Dk3RePhtMma/akw7UK2Upm2R5Dd8ynRBEt3uscwbWO0VQNx22/7RtWg==
  dependencies:
    level-concat-iterator "~2.0.0"
    level-supports "~1.0.0"
    xtend "~4.0.0"

abstract-leveldown@~6.0.0, abstract-leveldown@~6.0.1:
  version "6.0.3"
  resolved "https://registry.yarnpkg.com/abstract-leveldown/-/abstract-leveldown-6.0.3.tgz#b4b6159343c74b0c5197b2817854782d8f748c4a"
  integrity sha512-jzewKKpZbaYUa6HTThnrl+GrJhzjEAeuc7hTVpZdzg7kupXZFoqQDFwyOwLNbmJKJlmzw8yiipMPkDiuKkT06Q==
  dependencies:
    level-concat-iterator "~2.0.0"
    xtend "~4.0.0"

abstract-leveldown@~6.1.1:
  version "6.1.1"
  resolved "https://registry.yarnpkg.com/abstract-leveldown/-/abstract-leveldown-6.1.1.tgz#f44bad5862d71c7b418110d7698ac25bedf24396"
  integrity sha512-7fK/KySVqzKIomdhkSWzX4YBQhzkzEMbWSiaB6mSN9e+ZdV3KEeKxia/8xQzCkATA5xnnukdP88cFR0D2FsFXw==
  dependencies:
    level-concat-iterator "~2.0.0"
    xtend "~4.0.0"

crypto-random-string@^1.0.0:
  version "1.0.0"
  resolved "https://registry.yarnpkg.com/crypto-random-string/-/crypto-random-string-1.0.0.tgz#a230f64f568310e1498009940790ec99545bca7e"
  integrity sha1-ojD2T1aDEOFJgAmUB5DsmVRbyn4=

deferred-leveldown@~5.3.0:
  version "5.3.0"
  resolved "https://registry.yarnpkg.com/deferred-leveldown/-/deferred-leveldown-5.3.0.tgz#27a997ad95408b61161aa69bd489b86c71b78058"
  integrity sha512-a59VOT+oDy7vtAbLRCZwWgxu2BaCfd5Hk7wxJd48ei7I+nsg8Orlb9CLG0PMZienk9BSUKgeAqkO2+Lw+1+Ukw==
  dependencies:
    abstract-leveldown "~6.2.1"
    inherits "^2.0.3"

encoding-down@^6.3.0:
  version "6.3.0"
  resolved "https://registry.yarnpkg.com/encoding-down/-/encoding-down-6.3.0.tgz#b1c4eb0e1728c146ecaef8e32963c549e76d082b"
  integrity sha512-QKrV0iKR6MZVJV08QY0wp1e7vF6QbhnbQhb07bwpEyuz4uZiZgPlEGdkCROuFkUwdxlFaiPIhjyarH1ee/3vhw==
  dependencies:
    abstract-leveldown "^6.2.1"
    inherits "^2.0.3"
    level-codec "^9.0.0"
    level-errors "^2.0.0"

errno@~0.1.1:
  version "0.1.7"
  resolved "https://registry.yarnpkg.com/errno/-/errno-0.1.7.tgz#4684d71779ad39af177e3f007996f7c67c852618"
  integrity sha512-MfrRBDWzIWifgq6tJj60gkAwtLNb6sQPlcFrSOflcP1aFmmruKQ2wRnze/8V6kgyz7H3FF8Npzv78mZ7XLLflg==
  dependencies:
    prr "~1.0.1"

fast-future@~1.0.2:
  version "1.0.2"
  resolved "https://registry.yarnpkg.com/fast-future/-/fast-future-1.0.2.tgz#8435a9aaa02d79248d17d704e76259301d99280a"
  integrity sha1-hDWpqqAteSSNF9cE52JZMB2ZKAo=

immediate@~3.2.3:
  version "3.2.3"
  resolved "https://registry.yarnpkg.com/immediate/-/immediate-3.2.3.tgz#d140fa8f614659bd6541233097ddaac25cdd991c"
  integrity sha1-0UD6j2FGWb1lQSMwl92qwlzdmRw=

inherits@^2.0.3, inherits@^2.0.4:
  version "2.0.4"
  resolved "https://registry.yarnpkg.com/inherits/-/inherits-2.0.4.tgz#0fa2c64f932917c3433a0ded55363aae37416b7c"
  integrity sha512-k/vGaX4/Yla3WzyMCvTQOXYeIHvqOKtnqBduzTHpzpQZzAskKMhZ2K+EnBiSM9zGSoIFeMpXKxa4dYeZIQqewQ==

is-typedarray@^1.0.0:
  version "1.0.0"
  resolved "https://registry.yarnpkg.com/is-typedarray/-/is-typedarray-1.0.0.tgz#e479c80858df0c1b11ddda6940f96011fcda4a9a"
  integrity sha1-5HnICFjfDBsR3dppQPlgEfzaSpo=

level-codec@^9.0.0:
  version "9.0.1"
  resolved "https://registry.yarnpkg.com/level-codec/-/level-codec-9.0.1.tgz#042f4aa85e56d4328ace368c950811ba802b7247"
  integrity sha512-ajFP0kJ+nyq4i6kptSM+mAvJKLOg1X5FiFPtLG9M5gCEZyBmgDi3FkDrvlMkEzrUn1cWxtvVmrvoS4ASyO/q+Q==

level-concat-iterator@~2.0.0:
  version "2.0.1"
  resolved "https://registry.yarnpkg.com/level-concat-iterator/-/level-concat-iterator-2.0.1.tgz#1d1009cf108340252cb38c51f9727311193e6263"
  integrity sha512-OTKKOqeav2QWcERMJR7IS9CUo1sHnke2C0gkSmcR7QuEtFNLLzHQAvnMw8ykvEcv0Qtkg0p7FOwP1v9e5Smdcw==

level-errors@^2.0.0, level-errors@~2.0.0:
  version "2.0.1"
  resolved "https://registry.yarnpkg.com/level-errors/-/level-errors-2.0.1.tgz#2132a677bf4e679ce029f517c2f17432800c05c8"
  integrity sha512-UVprBJXite4gPS+3VznfgDSU8PTRuVX0NXwoWW50KLxd2yw4Y1t2JUR5In1itQnudZqRMT9DlAM3Q//9NCjCFw==
  dependencies:
    errno "~0.1.1"

level-iterator-stream@~4.0.0:
  version "4.0.2"
  resolved "https://registry.yarnpkg.com/level-iterator-stream/-/level-iterator-stream-4.0.2.tgz#7ceba69b713b0d7e22fcc0d1f128ccdc8a24f79c"
  integrity sha512-ZSthfEqzGSOMWoUGhTXdX9jv26d32XJuHz/5YnuHZzH6wldfWMOVwI9TBtKcya4BKTyTt3XVA0A3cF3q5CY30Q==
  dependencies:
    inherits "^2.0.4"
    readable-stream "^3.4.0"
    xtend "^4.0.2"

level-js@^4.0.0:
  version "4.0.1"
  resolved "https://registry.yarnpkg.com/level-js/-/level-js-4.0.1.tgz#3bad57d8bb46ebba7b13bc7442b56f4b45c8a2e0"
  integrity sha512-m5JRIyHZn5VnCCFeRegJkn5bQd3MJK5qZX12zg3Oivc8+BUIS2yFS6ANMMeHX2ieGxucNvEn6/ZnyjmZQLLUWw==
  dependencies:
    abstract-leveldown "~6.0.1"
    immediate "~3.2.3"
    inherits "^2.0.3"
    ltgt "^2.1.2"
    typedarray-to-buffer "~3.1.5"

level-packager@^5.0.0:
  version "5.1.0"
  resolved "https://registry.yarnpkg.com/level-packager/-/level-packager-5.1.0.tgz#9c01c6c8e2380d3196d61e56bd79c2eff4a9d5c3"
  integrity sha512-3pbJmDgGvp/lUQNULPoYQZtUbhMI8KoViYDw7Sa0kWl1mPeHWWJF7T/9upWI/NTMuEikkEE/cd6wBvmrW1+ZnQ==
  dependencies:
    encoding-down "^6.3.0"
    levelup "^4.3.2"

level-supports@~1.0.0:
  version "1.0.1"
  resolved "https://registry.yarnpkg.com/level-supports/-/level-supports-1.0.1.tgz#2f530a596834c7301622521988e2c36bb77d122d"
  integrity sha512-rXM7GYnW8gsl1vedTJIbzOrRv85c/2uCMpiiCzO2fndd06U/kUXEEU9evYn4zFggBOg36IsBW8LzqIpETwwQzg==
  dependencies:
    xtend "^4.0.2"

level@5.0.1:
  version "5.0.1"
  resolved "https://registry.yarnpkg.com/level/-/level-5.0.1.tgz#8528cc1ee37ac413270129a1eab938c610be3ccb"
  integrity sha512-wcak5OQeA4rURGacqS62R/xNHjCYnJSQDBOlm4KNUGJVE9bWv2B04TclqReYejN+oD65PzD4FsqeWoI5wNC5Lg==
  dependencies:
    level-js "^4.0.0"
    level-packager "^5.0.0"
    leveldown "^5.0.0"
    opencollective-postinstall "^2.0.0"

leveldown@5.0.2:
  version "5.0.2"
  resolved "https://registry.yarnpkg.com/leveldown/-/leveldown-5.0.2.tgz#c8edc2308c8abf893ffc81e66ab6536111cae92c"
  integrity sha512-Ib6ygFYBleS8x2gh3C1AkVsdrUShqXpe6jSTnZ6sRycEXKhqVf+xOSkhgSnjidpPzyv0d95LJVFrYQ4NuXAqHA==
  dependencies:
    abstract-leveldown "~6.0.0"
    fast-future "~1.0.2"
    napi-macros "~1.8.1"
    node-gyp-build "~3.8.0"

leveldown@^5.0.0:
  version "5.3.0"
  resolved "https://registry.yarnpkg.com/leveldown/-/leveldown-5.3.0.tgz#cc228088b184901d52b54bd70518543bfb059406"
  integrity sha512-PQXwTKMz55rYlg7984VbM7xpcqdiWgVKRms2fEgqVL7spd6+wK8NewScJOYIGpIG7/XxMOc0i+q/NX0WLJEcwA==
  dependencies:
    abstract-leveldown "~6.1.1"
    napi-macros "~2.0.0"
    node-gyp-build "~4.1.0"

levelup@^4.3.2:
  version "4.3.2"
  resolved "https://registry.yarnpkg.com/levelup/-/levelup-4.3.2.tgz#31c5b1b29f146d1d35d692e01a6da4d28fa55ebd"
  integrity sha512-cRTjU4ktWo59wf13PHEiOayHC3n0dOh4i5+FHr4tv4MX9+l7mqETicNq3Aj07HKlLdk0z5muVoDL2RD+ovgiyA==
  dependencies:
    deferred-leveldown "~5.3.0"
    level-errors "~2.0.0"
    level-iterator-stream "~4.0.0"
    level-supports "~1.0.0"
    xtend "~4.0.0"

ltgt@^2.1.2:
  version "2.2.1"
  resolved "https://registry.yarnpkg.com/ltgt/-/ltgt-2.2.1.tgz#f35ca91c493f7b73da0e07495304f17b31f87ee5"
  integrity sha1-81ypHEk/e3PaDgdJUwTxezH4fuU=

napi-macros@~1.8.1:
  version "1.8.2"
  resolved "https://registry.yarnpkg.com/napi-macros/-/napi-macros-1.8.2.tgz#299265c1d8aa401351ad0675107d751228c03eda"
  integrity sha512-Tr0DNY4RzTaBG2W2m3l7ZtFuJChTH6VZhXVhkGGjF/4cZTt+i8GcM9ozD+30Lmr4mDoZ5Xx34t2o4GJqYWDGcg==

napi-macros@~2.0.0:
  version "2.0.0"
  resolved "https://registry.yarnpkg.com/napi-macros/-/napi-macros-2.0.0.tgz#2b6bae421e7b96eb687aa6c77a7858640670001b"
  integrity sha512-A0xLykHtARfueITVDernsAWdtIMbOJgKgcluwENp3AlsKN/PloyO10HtmoqnFAQAcxPkgZN7wdfPfEd0zNGxbg==

node-gyp-build@~3.8.0:
  version "3.8.0"
  resolved "https://registry.yarnpkg.com/node-gyp-build/-/node-gyp-build-3.8.0.tgz#0f57efeb1971f404dfcbfab975c284de7c70f14a"
  integrity sha512-bYbpIHyRqZ7sVWXxGpz8QIRug5JZc/hzZH4GbdT9HTZi6WmKCZ8GLvP8OZ9TTiIBvwPFKgtGrlWQSXDAvYdsPw==

node-gyp-build@~4.1.0:
  version "4.1.1"
  resolved "https://registry.yarnpkg.com/node-gyp-build/-/node-gyp-build-4.1.1.tgz#d7270b5d86717068d114cc57fff352f96d745feb"
  integrity sha512-dSq1xmcPDKPZ2EED2S6zw/b9NKsqzXRE6dVr8TVQnI3FJOTteUMuqF3Qqs6LZg+mLGYJWqQzMbIjMtJqTv87nQ==

opencollective-postinstall@^2.0.0:
  version "2.0.2"
  resolved "https://registry.yarnpkg.com/opencollective-postinstall/-/opencollective-postinstall-2.0.2.tgz#5657f1bede69b6e33a45939b061eb53d3c6c3a89"
  integrity sha512-pVOEP16TrAO2/fjej1IdOyupJY8KDUM1CvsaScRbw6oddvpQoOfGk4ywha0HKKVAD6RkW4x6Q+tNBwhf3Bgpuw==

prr@~1.0.1:
  version "1.0.1"
  resolved "https://registry.yarnpkg.com/prr/-/prr-1.0.1.tgz#d3fc114ba06995a45ec6893f484ceb1d78f5f476"
  integrity sha1-0/wRS6BplaRexok/SEzrHXj19HY=

readable-stream@^3.4.0:
  version "3.4.0"
  resolved "https://registry.yarnpkg.com/readable-stream/-/readable-stream-3.4.0.tgz#a51c26754658e0a3c21dbf59163bd45ba6f447fc"
  integrity sha512-jItXPLmrSR8jmTRmRWJXCnGJsfy85mB3Wd/uINMXA65yrnFo0cPClFIUWzo2najVNSl+mx7/4W8ttlLWJe99pQ==
  dependencies:
    inherits "^2.0.3"
    string_decoder "^1.1.1"
    util-deprecate "^1.0.1"

safe-buffer@~5.2.0:
  version "5.2.0"
  resolved "https://registry.yarnpkg.com/safe-buffer/-/safe-buffer-5.2.0.tgz#b74daec49b1148f88c64b68d49b1e815c1f2f519"
  integrity sha512-fZEwUGbVl7kouZs1jCdMLdt95hdIv0ZeHg6L7qPeciMZhZ+/gdesW4wgTARkrFWEpspjEATAzUGPG8N2jJiwbg==

string_decoder@^1.1.1:
  version "1.3.0"
  resolved "https://registry.yarnpkg.com/string_decoder/-/string_decoder-1.3.0.tgz#42f114594a46cf1a8e30b0a84f56c78c3edac21e"
  integrity sha512-hkRX8U1WjJFd8LsDJ2yQ/wWWxaopEsABU1XfkM8A+j0+85JAGppt16cr1Whg6KIbb4okU6Mql6BOj+uup/wKeA==
  dependencies:
    safe-buffer "~5.2.0"

temp-dir@^1.0.0:
  version "1.0.0"
  resolved "https://registry.yarnpkg.com/temp-dir/-/temp-dir-1.0.0.tgz#0a7c0ea26d3a39afa7e0ebea9c1fc0bc4daa011d"
  integrity sha1-CnwOom06Oa+n4OvqnB/AvE2qAR0=

tempy@^0.3.0:
  version "0.3.0"
  resolved "https://registry.yarnpkg.com/tempy/-/tempy-0.3.0.tgz#6f6c5b295695a16130996ad5ab01a8bd726e8bf8"
  integrity sha512-WrH/pui8YCwmeiAoxV+lpRH9HpRtgBhSR2ViBPgpGb/wnYDzp21R4MN45fsCGvLROvY67o3byhJRYRONJyImVQ==
  dependencies:
    temp-dir "^1.0.0"
    type-fest "^0.3.1"
    unique-string "^1.0.0"

type-fest@^0.3.1:
  version "0.3.1"
  resolved "https://registry.yarnpkg.com/type-fest/-/type-fest-0.3.1.tgz#63d00d204e059474fe5e1b7c011112bbd1dc29e1"
  integrity sha512-cUGJnCdr4STbePCgqNFbpVNCepa+kAVohJs1sLhxzdH+gnEoOd8VhbYa7pD3zZYGiURWM2xzEII3fQcRizDkYQ==

typedarray-to-buffer@~3.1.5:
  version "3.1.5"
  resolved "https://registry.yarnpkg.com/typedarray-to-buffer/-/typedarray-to-buffer-3.1.5.tgz#a97ee7a9ff42691b9f783ff1bc5112fe3fca9080"
  integrity sha512-zdu8XMNEDepKKR+XYOXAVPtWui0ly0NtohUscw+UmaHiAWT8hrV1rr//H6V+0DvJ3OQ19S979M0laLfX8rm82Q==
  dependencies:
    is-typedarray "^1.0.0"

unique-string@^1.0.0:
  version "1.0.0"
  resolved "https://registry.yarnpkg.com/unique-string/-/unique-string-1.0.0.tgz#9e1057cca851abb93398f8b33ae187b99caec11a"
  integrity sha1-nhBXzKhRq7kzmPizOuGHuZyuwRo=
  dependencies:
    crypto-random-string "^1.0.0"

util-deprecate@^1.0.1:
  version "1.0.2"
  resolved "https://registry.yarnpkg.com/util-deprecate/-/util-deprecate-1.0.2.tgz#450d4dc9fa70de732762fbd2d4a28981419a0ccf"
  integrity sha1-RQ1Nyfpw3nMnYvvS1KKJgUGaDM8=

xtend@^4.0.2, xtend@~4.0.0:
  version "4.0.2"
  resolved "https://registry.yarnpkg.com/xtend/-/xtend-4.0.2.tgz#bb72779f5fa465186b1f438f674fa347fdb5db54"
  integrity sha512-LKYU1iAXJXUgAXn9URjiu+MWhyUXHsvfp7mcuYm9dSUKK0/CjtrUwFAxD82/mCWbtLsGjFIad0wIsod4zrTAEQ==
